# Written by flai. Hashes of what the template rendered, used by flai upgrade (ADR-0015).
template:
  repo: "./template"
  ref: ""
  version: "1.0.0"
  applied: 2026-09-17T03:24:52Z
files:
  ".editorconfig": 09685bc21d9ae40f75e66f19040ba14822a267216f5f87013246642c9b7b9c90
  ".gitattributes": d2f6bf1e76fa8f91884b63edda8942c4b814d322145c350ea7537511142a2a47
  ".github/workflows/system-flow-check.yml": 254e905be9d5f42681543cede3e03046f2909ac910d6c3fc14a2b18ff29a9a28
  ".gitignore": 5f7b198fe9fa62f8e4314e3f993af9409b7de5ce6fecd7777cfaeb6e65ba2f00
  ".markdownlint.yaml": e6dcb35b1a55a7d48928ef87a6557d09ef324d4d67282b826b4fdbcad9cc9abe
  "CLAUDE.md": d5f71dbc1d63cee5b771b831dd1271169f4de6ba16ddf22ca88351b3d5df3522
  "Makefile": 90a1159a1e692158cddda4df1f0e9299bf62f38230b824a5e879575a1ebd4881
  "README.md": 6f7cfca25db211b225e76c503107b9f5b6777c1dd241d951ebfee8486a65b2f2
  "design/README.md": e003f23937dbce86bd548ae3112f3286f0dafa220240bd0a1598b832af733e9b
  "design/adrs/0000-template.md": da6c98ad826c4757fb7813163dd4e129ca0f0bfa0c31bdb8c32d0065f50f0a64
  "design/adrs/README.md": 2019922657f48f9ee2268c39ef1c285ef8a3afb15bd580497a533cdba0f745a8
  "design/conventions/README.md": e2d0e41999ef1591b66c8877208aa7a9f10b203587cbffc5822a973ef708fb1c
  "design/conventions/code-quality.md": b920c0972f48410ba8946fdeeaa7d807d7428760fe2999e13b5498eaf16a6730
  "design/conventions/communication.md": a255e9924512f2b3a8ff920a2abfc56091c8ab6e269bf0ce1150484ee009a125
  "design/conventions/continuous-improvement.md": 2803208a6c31d3ca69753805ea69fe086ea3365d36aaa286ad1dbdde1b3052bd
  "design/conventions/decisions.md": a9b7ab21451b7533ca5c75fc471708bfdd8b1b1848ca0e44ff701badceeda52d
  "design/conventions/documentation.md": cfdad01d85c3bfd3abc908e5440a6e8286b404fa62c6c9e4ea1c2874860b0e9d
  "design/conventions/git.md": 3189fcbbfb46e8ca806fd32bad62c7ce8f8d8873cf6017029a32a0bc65f5ae4d
  "design/conventions/logging.md": d45ec7558352540f4f353bd7b5499aa06ce5423921d22621d38d005ea9d14e4d
  "design/conventions/safety.md": 7a214e5e79d1ec9a64f41f8f4d62117bd7ad5d4d116c396c0ad0f0e6c4e17755
  "design/conventions/session-start.md": 0a01536d72b5cd4e26f7f0fc33f0263c9f72ab459f2a6b02ad0f4a540668eaf5
  "design/conventions/telemetry.md": e4dd90804ec9dc9a58e1714bbfa266e7176d6822e5ca693725b836f32b9a853b
  "design/conventions/tooling.md": f3040311619c5ec3a354e66b743d70e8846af17ea0a8c2634f8e458c84d57671
  "design/conventions/work-management.md": 3691b0d102ef89467d38811c6e7f4fc68b8d2b28445526695e83b0ecb5cf4095
  "design/issues/README.md": f677dfcb304d012dc732139f5a2f60229238e59d4d13377a620bca94831d9386
  "design/issues/summary.md": 3066b0f9dc1a8a0b199994b28782278f4aea326d6ae17a9d156ef0d60c623f18
  "design/system/README.md": 43dcd3b1a57841b2a873ede21fc45cf952b9d5386da0882a2e7585b4ef9a5f80
  "design/system/overview.md": 5245044175b2962f7d1e4166fd66743f2bb0ed614ba5047c7d89196daa251ca8
  "design/tech/README.md": 6b922c81a12e8905cd46a50c64ad64fe6311bdc51487b3e620a4381eb02cb214
  "docs/README.md": 7b3867c15749b8fa06a6f8bb6c4e18b9fc9f7414ecbae3f1d222bdfae3785ba6
  "docs/contributors/index.md": e0e303389f491d2f2c496697e8e1d89fc6a60051fb0cc2810614bc70642a9b45
  "docs/operators/index.md": 187ff89b3377c7a5e9800a22b0b664a3cec76f501f189eb6f1fe067a75a71655
  "docs/users/index.md": 71e6ca84ea3eb39cb5291f67404b3e793fd4c8cd9eb5d5ac89f74db89040c9c3
  "scripts/README.md": 3bc2d13e357b6a5e7a17a037194ce733dc28161f7a95bad4dcc4fdcf3e5d1b61
  "scripts/check.sh": ace85b7decf15b2b6f4fa6cb43163c056e1e9fb7d15e34843feab11d9303c448
  "scripts/integration.sh": 121b5e07721fa9f88a09203d8f3087a1625c0e5c1a8c6095ced9be2c01c48d2f
  "scripts/smoke.sh": aff4dffb8730b47d34d23ff7adabd8ddd295ef5b4ed617b76a2f8ddd264282dc
  "scripts/test.sh": 76d987df0454d47d0954e1db009e7adeb031b7ab6bdf4cefb256d8959ec3f7c5
  "wip/README.md": d32a272eadec172a3c475c07780b6cc9aa6616bb197e727d8d4c8f0a8f594733
  "wip/agents/README.md": cd35284b55261eb9dcb055dbc887fca6ca74b99960902ef16b8cab77397e2aeb
  "wip/agents/index.md": c9c10468c6293f58dda7b9dd5f5d5b331e266162f06499c7e8c75bd0c50b872d
  "wip/kanban/board.md": b262365c5769eddb39d904a9142dd1976de816590b2d0ebd7959e71fb04c25c0
  "wip/kanban/epics/.gitkeep": e3b0c44298fc1c149afbf4c8996fb92427ae41e4649b934ca495991b7852b855
  "wip/kanban/stories/.gitkeep": e3b0c44298fc1c149afbf4c8996fb92427ae41e4649b934ca495991b7852b855
  "wip/kanban/tasks/.gitkeep": e3b0c44298fc1c149afbf4c8996fb92427ae41e4649b934ca495991b7852b855
